
Microsoft Visual Studio Solution File, Format Version 10.00
# Visual Studio 2008
Project("{8BC9CEB8-8B4A-11D0-8D11-00A0C91BC942}") = "t", "t\t.vcproj", "{56F29580-E8BE-4C97-85EE-B211D0CD5BFA}"
EndProject
Global
	GlobalSection(SolutionConfigurationPlatforms) = preSolution
		Debug|Win32 = Debug|Win32
		Release|Win32 = Release|Win32
	EndGlobalSection
	GlobalSection(ProjectConfigurationPlatforms) = postSolution
		{56F29580-E8BE-4C97-85EE-B211D0CD5BFA}.Debug|Win32.ActiveCfg = Debug|Win32
		{56F29580-E8BE-4C97-85EE-B211D0CD5BFA}.Debug|Win32.Build.0 = Debug|Win32
		{56F29580-E8BE-4C97-85EE-B211D0CD5BFA}.Release|Win32.ActiveCfg = Release|Win32
		{56F29580-E8BE-4C97-85EE-B211D0CD5BFA}.Release|Win32.Build.0 = Release|Win32
	EndGlobalSection
	GlobalSection(SolutionProperties) = preSolution
		HideSolutionNode = FALSE
	EndGlobalSection
EndGlobal
